// !$*UTF8*$!
{
	archiveVersion = 1;
	classes = {
	};
	objectVersion = 71;
	objects = {

/* Begin PBXBuildFile section */
		A10000000000000000000001 /* OrkestratorMobileApp.swift in Sources */ = {isa = PBXBuildFile; fileRef = A20000000000000000000001 /* OrkestratorMobileApp.swift */; };
		A10000000000000000000002 /* RemoteConnection.swift in Sources */ = {isa = PBXBuildFile; fileRef = A20000000000000000000002 /* RemoteConnection.swift */; };
		A10000000000000000000003 /* ConnectionModel.swift in Sources */ = {isa = PBXBuildFile; fileRef = A20000000000000000000003 /* ConnectionModel.swift */; };
		A10000000000000000000004 /* KeychainCredentialStore.swift in Sources */ = {isa = PBXBuildFile; fileRef = A20000000000000000000004 /* KeychainCredentialStore.swift */; };
		A10000000000000000000005 /* GatewayConnectionValidator.swift in Sources */ = {isa = PBXBuildFile; fileRef = A20000000000000000000005 /* GatewayConnectionValidator.swift */; };
		A10000000000000000000006 /* RootView.swift in Sources */ = {isa = PBXBuildFile; fileRef = A20000000000000000000006 /* RootView.swift */; };
		A10000000000000000000007 /* ConnectionEditorView.swift in Sources */ = {isa = PBXBuildFile; fileRef = A20000000000000000000007 /* ConnectionEditorView.swift */; };
		A10000000000000000000008 /* RemoteWebView.swift in Sources */ = {isa = PBXBuildFile; fileRef = A20000000000000000000008 /* RemoteWebView.swift */; };
		A10000000000000000000009 /* Assets.xcassets in Resources */ = {isa = PBXBuildFile; fileRef = A20000000000000000000009 /* Assets.xcassets */; };
		A1000000000000000000000A /* OrkestratorMobileTests.swift in Sources */ = {isa = PBXBuildFile; fileRef = A2000000000000000000000C /* OrkestratorMobileTests.swift */; };
/* End PBXBuildFile section */

/* Begin PBXContainerItemProxy section */
		AA0000000000000000000001 /* PBXContainerItemProxy */ = {
			isa = PBXContainerItemProxy;
			containerPortal = A60000000000000000000001 /* Project object */;
			proxyType = 1;
			remoteGlobalIDString = A50000000000000000000001;
			remoteInfo = OrkestratorMobile;
		};
/* End PBXContainerItemProxy section */

/* Begin PBXFileReference section */
		A20000000000000000000001 /* OrkestratorMobileApp.swift */ = {isa = PBXFileReference; lastKnownFileType = sourcecode.swift; path = OrkestratorMobileApp.swift; sourceTree = "<group>"; };
		A20000000000000000000002 /* RemoteConnection.swift */ = {isa = PBXFileReference; lastKnownFileType = sourcecode.swift; path = RemoteConnection.swift; sourceTree = "<group>"; };
		A20000000000000000000003 /* ConnectionModel.swift */ = {isa = PBXFileReference; lastKnownFileType = sourcecode.swift; path = ConnectionModel.swift; sourceTree = "<group>"; };
		A20000000000000000000004 /* KeychainCredentialStore.swift */ = {isa = PBXFileReference; lastKnownFileType = sourcecode.swift; path = KeychainCredentialStore.swift; sourceTree = "<group>"; };
		A20000000000000000000005 /* GatewayConnectionValidator.swift */ = {isa = PBXFileReference; lastKnownFileType = sourcecode.swift; path = GatewayConnectionValidator.swift; sourceTree = "<group>"; };
		A20000000000000000000006 /* RootView.swift */ = {isa = PBXFileReference; lastKnownFileType = sourcecode.swift; path = RootView.swift; sourceTree = "<group>"; };
		A20000000000000000000007 /* ConnectionEditorView.swift */ = {isa = PBXFileReference; lastKnownFileType = sourcecode.swift; path = ConnectionEditorView.swift; sourceTree = "<group>"; };
		A20000000000000000000008 /* RemoteWebView.swift */ = {isa = PBXFileReference; lastKnownFileType = sourcecode.swift; path = RemoteWebView.swift; sourceTree = "<group>"; };
		A20000000000000000000009 /* Assets.xcassets */ = {isa = PBXFileReference; lastKnownFileType = folder.assetcatalog; path = Assets.xcassets; sourceTree = "<group>"; };
		A2000000000000000000000A /* Info.plist */ = {isa = PBXFileReference; lastKnownFileType = text.plist.xml; path = Info.plist; sourceTree = "<group>"; };
		A2000000000000000000000B /* OrkestratorMobile.app */ = {isa = PBXFileReference; explicitFileType = wrapper.application; includeInIndex = 0; path = OrkestratorMobile.app; sourceTree = BUILT_PRODUCTS_DIR; };
		A2000000000000000000000C /* OrkestratorMobileTests.swift */ = {isa = PBXFileReference; lastKnownFileType = sourcecode.swift; path = OrkestratorMobileTests.swift; sourceTree = "<group>"; };
		A2000000000000000000000D /* OrkestratorMobileTests.xctest */ = {isa = PBXFileReference; explicitFileType = wrapper.cfbundle; includeInIndex = 0; path = OrkestratorMobileTests.xctest; sourceTree = BUILT_PRODUCTS_DIR; };
/* End PBXFileReference section */

/* Begin PBXFrameworksBuildPhase section */
		A30000000000000000000001 /* Frameworks */ = {
			isa = PBXFrameworksBuildPhase;
			buildActionMask = 2147483647;
			files = (
			);
			runOnlyForDeploymentPostprocessing = 0;
		};
		A30000000000000000000002 /* Frameworks */ = {
			isa = PBXFrameworksBuildPhase;
			buildActionMask = 2147483647;
			files = (
			);
			runOnlyForDeploymentPostprocessing = 0;
		};
/* End PBXFrameworksBuildPhase section */

/* Begin PBXGroup section */
		A40000000000000000000001 = {
			isa = PBXGroup;
			children = (
				A40000000000000000000002 /* OrkestratorMobile */,
				A40000000000000000000008 /* OrkestratorMobileTests */,
				A40000000000000000000007 /* Products */,
			);
			sourceTree = "<group>";
		};
		A40000000000000000000002 /* OrkestratorMobile */ = {
			isa = PBXGroup;
			children = (
				A20000000000000000000001 /* OrkestratorMobileApp.swift */,
				A40000000000000000000003 /* Models */,
				A40000000000000000000004 /* Networking */,
				A40000000000000000000005 /* Security */,
				A40000000000000000000006 /* Views */,
				A20000000000000000000009 /* Assets.xcassets */,
				A2000000000000000000000A /* Info.plist */,
			);
			path = OrkestratorMobile;
			sourceTree = "<group>";
		};
		A40000000000000000000003 /* Models */ = {
			isa = PBXGroup;
			children = (
				A20000000000000000000002 /* RemoteConnection.swift */,
				A20000000000000000000003 /* ConnectionModel.swift */,
			);
			path = Models;
			sourceTree = "<group>";
		};
		A40000000000000000000004 /* Networking */ = {
			isa = PBXGroup;
			children = (
				A20000000000000000000005 /* GatewayConnectionValidator.swift */,
			);
			path = Networking;
			sourceTree = "<group>";
		};
		A40000000000000000000005 /* Security */ = {
			isa = PBXGroup;
			children = (
				A20000000000000000000004 /* KeychainCredentialStore.swift */,
			);
			path = Security;
			sourceTree = "<group>";
		};
		A40000000000000000000006 /* Views */ = {
			isa = PBXGroup;
			children = (
				A20000000000000000000006 /* RootView.swift */,
				A20000000000000000000007 /* ConnectionEditorView.swift */,
				A20000000000000000000008 /* RemoteWebView.swift */,
			);
			path = Views;
			sourceTree = "<group>";
		};
		A40000000000000000000007 /* Products */ = {
			isa = PBXGroup;
			children = (
				A2000000000000000000000B /* OrkestratorMobile.app */,
				A2000000000000000000000D /* OrkestratorMobileTests.xctest */,
			);
			name = Products;
			sourceTree = "<group>";
		};
		A40000000000000000000008 /* OrkestratorMobileTests */ = {
			isa = PBXGroup;
			children = (
				A2000000000000000000000C /* OrkestratorMobileTests.swift */,
			);
			path = OrkestratorMobileTests;
			sourceTree = "<group>";
		};
/* End PBXGroup section */

/* Begin PBXNativeTarget section */
		A50000000000000000000001 /* OrkestratorMobile */ = {
			isa = PBXNativeTarget;
			buildConfigurationList = A90000000000000000000002 /* Build configuration list for PBXNativeTarget "OrkestratorMobile" */;
			buildPhases = (
				A70000000000000000000001 /* Sources */,
				A30000000000000000000001 /* Frameworks */,
				A70000000000000000000002 /* Resources */,
			);
			buildRules = (
			);
			dependencies = (
			);
			name = OrkestratorMobile;
			productName = OrkestratorMobile;
			productReference = A2000000000000000000000B /* OrkestratorMobile.app */;
			productType = "com.apple.product-type.application";
		};
		A50000000000000000000002 /* OrkestratorMobileTests */ = {
			isa = PBXNativeTarget;
			buildConfigurationList = A90000000000000000000003 /* Build configuration list for PBXNativeTarget "OrkestratorMobileTests" */;
			buildPhases = (
				A70000000000000000000003 /* Sources */,
				A30000000000000000000002 /* Frameworks */,
			);
			buildRules = (
			);
			dependencies = (
				AB0000000000000000000001 /* PBXTargetDependency */,
			);
			name = OrkestratorMobileTests;
			productName = OrkestratorMobileTests;
			productReference = A2000000000000000000000D /* OrkestratorMobileTests.xctest */;
			productType = "com.apple.product-type.bundle.unit-test";
		};
/* End PBXNativeTarget section */

/* Begin PBXProject section */
		A60000000000000000000001 /* Project object */ = {
			isa = PBXProject;
			attributes = {
				BuildIndependentTargetsInParallel = 1;
				LastSwiftUpdateCheck = 2660;
				LastUpgradeCheck = 2660;
				TargetAttributes = {
					A50000000000000000000001 = {
						CreatedOnToolsVersion = 26.6;
					};
				};
			};
			buildConfigurationList = A90000000000000000000001 /* Build configuration list for PBXProject "OrkestratorMobile" */;
			compatibilityVersion = "Xcode 16.0";
			developmentRegion = en;
			hasScannedForEncodings = 0;
			knownRegions = (
				en,
				Base,
			);
			mainGroup = A40000000000000000000001;
			productRefGroup = A40000000000000000000007 /* Products */;
			projectDirPath = "";
			projectRoot = "";
				targets = (
					A50000000000000000000001 /* OrkestratorMobile */,
					A50000000000000000000002 /* OrkestratorMobileTests */,
			);
		};
/* End PBXProject section */

/* Begin PBXResourcesBuildPhase section */
		A70000000000000000000002 /* Resources */ = {
			isa = PBXResourcesBuildPhase;
			buildActionMask = 2147483647;
			files = (
				A10000000000000000000009 /* Assets.xcassets in Resources */,
			);
			runOnlyForDeploymentPostprocessing = 0;
		};
/* End PBXResourcesBuildPhase section */

/* Begin PBXSourcesBuildPhase section */
		A70000000000000000000001 /* Sources */ = {
			isa = PBXSourcesBuildPhase;
			buildActionMask = 2147483647;
			files = (
				A10000000000000000000001 /* OrkestratorMobileApp.swift in Sources */,
				A10000000000000000000002 /* RemoteConnection.swift in Sources */,
				A10000000000000000000003 /* ConnectionModel.swift in Sources */,
				A10000000000000000000004 /* KeychainCredentialStore.swift in Sources */,
				A10000000000000000000005 /* GatewayConnectionValidator.swift in Sources */,
				A10000000000000000000006 /* RootView.swift in Sources */,
				A10000000000000000000007 /* ConnectionEditorView.swift in Sources */,
				A10000000000000000000008 /* RemoteWebView.swift in Sources */,
			);
			runOnlyForDeploymentPostprocessing = 0;
		};
		A70000000000000000000003 /* Sources */ = {
			isa = PBXSourcesBuildPhase;
			buildActionMask = 2147483647;
			files = (
				A1000000000000000000000A /* OrkestratorMobileTests.swift in Sources */,
			);
			runOnlyForDeploymentPostprocessing = 0;
		};
/* End PBXSourcesBuildPhase section */

/* Begin PBXTargetDependency section */
		AB0000000000000000000001 /* PBXTargetDependency */ = {
			isa = PBXTargetDependency;
			target = A50000000000000000000001 /* OrkestratorMobile */;
			targetProxy = AA0000000000000000000001 /* PBXContainerItemProxy */;
		};
/* End PBXTargetDependency section */

/* Begin XCBuildConfiguration section */
		A80000000000000000000001 /* Debug */ = {
			isa = XCBuildConfiguration;
			buildSettings = {
				CLANG_ENABLE_MODULES = YES;
				ENABLE_STRICT_OBJC_MSGSEND = YES;
				GCC_C_LANGUAGE_STANDARD = gnu17;
				IPHONEOS_DEPLOYMENT_TARGET = 17.0;
				SDKROOT = iphoneos;
				SWIFT_ACTIVE_COMPILATION_CONDITIONS = DEBUG;
				SWIFT_OPTIMIZATION_LEVEL = "-Onone";
			};
			name = Debug;
		};
		A80000000000000000000002 /* Release */ = {
			isa = XCBuildConfiguration;
			buildSettings = {
				CLANG_ENABLE_MODULES = YES;
				ENABLE_STRICT_OBJC_MSGSEND = YES;
				GCC_C_LANGUAGE_STANDARD = gnu17;
				IPHONEOS_DEPLOYMENT_TARGET = 17.0;
				SDKROOT = iphoneos;
				SWIFT_COMPILATION_MODE = wholemodule;
				SWIFT_OPTIMIZATION_LEVEL = "-O";
				VALIDATE_PRODUCT = YES;
			};
			name = Release;
		};
		A80000000000000000000003 /* Debug */ = {
			isa = XCBuildConfiguration;
			buildSettings = {
				ASSETCATALOG_COMPILER_APPICON_NAME = AppIcon;
				ASSETCATALOG_COMPILER_GLOBAL_ACCENT_COLOR_NAME = AccentColor;
				CODE_SIGN_STYLE = Automatic;
				CURRENT_PROJECT_VERSION = 1;
				DEVELOPMENT_ASSET_PATHS = "";
				DEVELOPMENT_TEAM = QWD87G9T3P;
				ENABLE_PREVIEWS = YES;
				ENABLE_TESTABILITY = YES;
				GENERATE_INFOPLIST_FILE = NO;
				INFOPLIST_FILE = OrkestratorMobile/Info.plist;
				MARKETING_VERSION = 1.0;
				PRODUCT_BUNDLE_IDENTIFIER = dev.orkestrator.mobile;
				PRODUCT_NAME = "$(TARGET_NAME)";
				SWIFT_EMIT_LOC_STRINGS = YES;
				SWIFT_VERSION = 5.0;
				TARGETED_DEVICE_FAMILY = "1,2";
			};
			name = Debug;
		};
		A80000000000000000000004 /* Release */ = {
			isa = XCBuildConfiguration;
			buildSettings = {
				ASSETCATALOG_COMPILER_APPICON_NAME = AppIcon;
				ASSETCATALOG_COMPILER_GLOBAL_ACCENT_COLOR_NAME = AccentColor;
				CODE_SIGN_STYLE = Automatic;
				CURRENT_PROJECT_VERSION = 1;
				DEVELOPMENT_ASSET_PATHS = "";
				DEVELOPMENT_TEAM = QWD87G9T3P;
				GENERATE_INFOPLIST_FILE = NO;
				INFOPLIST_FILE = OrkestratorMobile/Info.plist;
				MARKETING_VERSION = 1.0;
				PRODUCT_BUNDLE_IDENTIFIER = dev.orkestrator.mobile;
				PRODUCT_NAME = "$(TARGET_NAME)";
				SWIFT_EMIT_LOC_STRINGS = YES;
				SWIFT_VERSION = 5.0;
				TARGETED_DEVICE_FAMILY = "1,2";
			};
			name = Release;
		};
		A80000000000000000000005 /* Debug */ = {
			isa = XCBuildConfiguration;
			buildSettings = {
				BUNDLE_LOADER = "$(TEST_HOST)";
				CODE_SIGN_STYLE = Automatic;
				DEVELOPMENT_TEAM = QWD87G9T3P;
				GENERATE_INFOPLIST_FILE = YES;
				IPHONEOS_DEPLOYMENT_TARGET = 17.0;
				PRODUCT_BUNDLE_IDENTIFIER = dev.orkestrator.mobile.tests;
				PRODUCT_NAME = "$(TARGET_NAME)";
				SWIFT_VERSION = 5.0;
				TEST_HOST = "$(BUILT_PRODUCTS_DIR)/OrkestratorMobile.app/$(BUNDLE_EXECUTABLE_FOLDER_PATH)/OrkestratorMobile";
			};
			name = Debug;
		};
		A80000000000000000000006 /* Release */ = {
			isa = XCBuildConfiguration;
			buildSettings = {
				BUNDLE_LOADER = "$(TEST_HOST)";
				CODE_SIGN_STYLE = Automatic;
				DEVELOPMENT_TEAM = QWD87G9T3P;
				GENERATE_INFOPLIST_FILE = YES;
				IPHONEOS_DEPLOYMENT_TARGET = 17.0;
				PRODUCT_BUNDLE_IDENTIFIER = dev.orkestrator.mobile.tests;
				PRODUCT_NAME = "$(TARGET_NAME)";
				SWIFT_VERSION = 5.0;
				TEST_HOST = "$(BUILT_PRODUCTS_DIR)/OrkestratorMobile.app/$(BUNDLE_EXECUTABLE_FOLDER_PATH)/OrkestratorMobile";
			};
			name = Release;
		};
/* End XCBuildConfiguration section */

/* Begin XCConfigurationList section */
		A90000000000000000000001 /* Build configuration list for PBXProject "OrkestratorMobile" */ = {
			isa = XCConfigurationList;
			buildConfigurations = (
				A80000000000000000000001 /* Debug */,
				A80000000000000000000002 /* Release */,
			);
			defaultConfigurationIsVisible = 0;
			defaultConfigurationName = Release;
		};
		A90000000000000000000002 /* Build configuration list for PBXNativeTarget "OrkestratorMobile" */ = {
			isa = XCConfigurationList;
			buildConfigurations = (
				A80000000000000000000003 /* Debug */,
				A80000000000000000000004 /* Release */,
			);
			defaultConfigurationIsVisible = 0;
			defaultConfigurationName = Release;
		};
		A90000000000000000000003 /* Build configuration list for PBXNativeTarget "OrkestratorMobileTests" */ = {
			isa = XCConfigurationList;
			buildConfigurations = (
				A80000000000000000000005 /* Debug */,
				A80000000000000000000006 /* Release */,
			);
			defaultConfigurationIsVisible = 0;
			defaultConfigurationName = Release;
		};
/* End XCConfigurationList section */
	};
	rootObject = A60000000000000000000001 /* Project object */;
}
